PODS:
  - Masonry (1.1.0)

DEPENDENCIES:
  - Masonry (from `https://github.com/SnapKit/Masonry/`)

EXTERNAL SOURCES:
  Masonry:
    :git: https://github.com/SnapKit/Masonry/

CHECKOUT OPTIONS:
  Masonry:
    :commit: 8bd77ea92bbe995e14c454f821200b222e5a8804
    :git: https://github.com/SnapKit/Masonry/

SPEC CHECKSUMS:
  Masonry: 678fab65091a9290e40e2832a55e7ab731aad201

PODFILE CHECKSUM: 6d2ac0f73db94c3ff6836ad110f21d018a9d7b32

COCOAPODS: 1.9.3
