// !$*UTF8*$!
{
	archiveVersion = 1;
	classes = {
	};
	objectVersion = 51;
	objects = {

/* Begin PBXBuildFile section */
		33262967C3D22D8023ABA9F4 /* Pods_FFMpeg.framework in Frameworks */ = {isa = PBXBuildFile; fileRef = 9E1FC71984114BC115C136B3 /* Pods_FFMpeg.framework */; };
		68A91799289FAE2B00E16BBA /* Shader.fsh in Resources */ = {isa = PBXBuildFile; fileRef = 68A91797289FAE2B00E16BBA /* Shader.fsh */; };
		68A9179A289FAE2B00E16BBA /* Shader.vsh in Resources */ = {isa = PBXBuildFile; fileRef = 68A91798289FAE2B00E16BBA /* Shader.vsh */; };
		68A9179D289FAE3E00E16BBA /* YUVView.m in Sources */ = {isa = PBXBuildFile; fileRef = 68A9179C289FAE3D00E16BBA /* YUVView.m */; };
		68A9179F289FB87300E16BBA /* GLUT.framework in Frameworks */ = {isa = PBXBuildFile; fileRef = 68A9179E289FB87300E16BBA /* GLUT.framework */; };
		68A917A3289FB91B00E16BBA /* 2.yuv in Resources */ = {isa = PBXBuildFile; fileRef = 68A917A2289FB91B00E16BBA /* 2.yuv */; };
		68A917A5289FBB4400E16BBA /* file.yuv in Resources */ = {isa = PBXBuildFile; fileRef = 68A917A4289FBB4400E16BBA /* file.yuv */; };
		68A917A828A0BEA900E16BBA /* YUVMacOSPlayer.mm in Sources */ = {isa = PBXBuildFile; fileRef = 68A917A728A0BEA900E16BBA /* YUVMacOSPlayer.mm */; };
		68A917E028A4B19900E16BBA /* YUVObject.m in Sources */ = {isa = PBXBuildFile; fileRef = 68A917DE28A4B19900E16BBA /* YUVObject.m */; };
		68A917E328A4B55E00E16BBA /* YUVCore.cpp in Sources */ = {isa = PBXBuildFile; fileRef = 68A917E128A4B55E00E16BBA /* YUVCore.cpp */; };
		68FB04E328A67F09007B68E1 /* FFmpegTool.cpp in Sources */ = {isa = PBXBuildFile; fileRef = 68FB04E128A67F09007B68E1 /* FFmpegTool.cpp */; };
		F41DC51B2792C41200121FBE /* AVFoundation.framework in Frameworks */ = {isa = PBXBuildFile; fileRef = F41DC51A2792C41200121FBE /* AVFoundation.framework */; };
		F41DC51E2792C43400121FBE /* AudioToolbox.framework in Frameworks */ = {isa = PBXBuildFile; fileRef = F41DC51D2792C43400121FBE /* AudioToolbox.framework */; };
		F41DC5212792C44A00121FBE /* VideoToolbox.framework in Frameworks */ = {isa = PBXBuildFile; fileRef = F41DC5202792C44A00121FBE /* VideoToolbox.framework */; };
		F41DC5262792C98F00121FBE /* JLAACACodec.cpp in Sources */ = {isa = PBXBuildFile; fileRef = F41DC5242792C98F00121FBE /* JLAACACodec.cpp */; };
		F442354B2778076800F8B730 /* JLAudioResample.cpp in Sources */ = {isa = PBXBuildFile; fileRef = F44235492778076800F8B730 /* JLAudioResample.cpp */; };
		F44235512789812400F8B730 /* JLPlayWAV.cpp in Sources */ = {isa = PBXBuildFile; fileRef = F442354F2789812400F8B730 /* JLPlayWAV.cpp */; };
		F4B9F567276F0D2400F631A4 /* AppDelegate.m in Sources */ = {isa = PBXBuildFile; fileRef = F4B9F566276F0D2400F631A4 /* AppDelegate.m */; };
		F4B9F56A276F0D2400F631A4 /* ViewController.mm in Sources */ = {isa = PBXBuildFile; fileRef = F4B9F569276F0D2400F631A4 /* ViewController.mm */; };
		F4B9F56C276F0D2600F631A4 /* Assets.xcassets in Resources */ = {isa = PBXBuildFile; fileRef = F4B9F56B276F0D2600F631A4 /* Assets.xcassets */; };
		F4B9F56F276F0D2600F631A4 /* Main.storyboard in Resources */ = {isa = PBXBuildFile; fileRef = F4B9F56D276F0D2600F631A4 /* Main.storyboard */; };
		F4B9F572276F0D2600F631A4 /* main.m in Sources */ = {isa = PBXBuildFile; fileRef = F4B9F571276F0D2600F631A4 /* main.m */; };
		F4B9F5CC2770E42400F631A4 /* JLRecordPCMOrYUV.cpp in Sources */ = {isa = PBXBuildFile; fileRef = F4B9F5CA2770E42400F631A4 /* JLRecordPCMOrYUV.cpp */; };
		F4B9F5D42770E88A00F631A4 /* JLPlayPCM.cpp in Sources */ = {isa = PBXBuildFile; fileRef = F4B9F5D22770E88A00F631A4 /* JLPlayPCM.cpp */; };
		F4B9F5DA2772279A00F631A4 /* JLPCMToWAV.cpp in Sources */ = {isa = PBXBuildFile; fileRef = F4B9F5D82772279A00F631A4 /* JLPCMToWAV.cpp */; };
/* End PBXBuildFile section */

/* Begin PBXFileReference section */
		617CB9840872F2F15CC79AC3 /* Pods-FFMpeg.debug.xcconfig */ = {isa = PBXFileReference; includeInIndex = 1; lastKnownFileType = text.xcconfig; name = "Pods-FFMpeg.debug.xcconfig"; path = "Target Support Files/Pods-FFMpeg/Pods-FFMpeg.debug.xcconfig"; sourceTree = "<group>"; };
		68A91797289FAE2B00E16BBA /* Shader.fsh */ = {isa = PBXFileReference; fileEncoding = 4; lastKnownFileType = sourcecode.glsl; path = Shader.fsh; sourceTree = "<group>"; };
		68A91798289FAE2B00E16BBA /* Shader.vsh */ = {isa = PBXFileReference; fileEncoding = 4; lastKnownFileType = sourcecode.glsl; path = Shader.vsh; sourceTree = "<group>"; };
		68A9179B289FAE3D00E16BBA /* YUVView.h */ = {isa = PBXFileReference; fileEncoding = 4; lastKnownFileType = sourcecode.c.h; path = YUVView.h; sourceTree = "<group>"; };
		68A9179C289FAE3D00E16BBA /* YUVView.m */ = {isa = PBXFileReference; fileEncoding = 4; lastKnownFileType = sourcecode.c.objc; path = YUVView.m; sourceTree = "<group>"; };
		68A9179E289FB87300E16BBA /* GLUT.framework */ = {isa = PBXFileReference; lastKnownFileType = wrapper.framework; name = GLUT.framework; path = System/Library/Frameworks/GLUT.framework; sourceTree = SDKROOT; };
		68A917A2289FB91B00E16BBA /* 2.yuv */ = {isa = PBXFileReference; fileEncoding = 4; lastKnownFileType = text; path = 2.yuv; sourceTree = "<group>"; };
		68A917A4289FBB4400E16BBA /* file.yuv */ = {isa = PBXFileReference; fileEncoding = 4; lastKnownFileType = text; path = file.yuv; sourceTree = "<group>"; };
		68A917A628A0BEA900E16BBA /* YUVMacOSPlayer.h */ = {isa = PBXFileReference; lastKnownFileType = sourcecode.c.h; path = YUVMacOSPlayer.h; sourceTree = "<group>"; };
		68A917A728A0BEA900E16BBA /* YUVMacOSPlayer.mm */ = {isa = PBXFileReference; lastKnownFileType = sourcecode.cpp.objcpp; path = YUVMacOSPlayer.mm; sourceTree = "<group>"; };
		68A917DE28A4B19900E16BBA /* YUVObject.m */ = {isa = PBXFileReference; lastKnownFileType = sourcecode.c.objc; path = YUVObject.m; sourceTree = "<group>"; };
		68A917DF28A4B19900E16BBA /* YUVObject.h */ = {isa = PBXFileReference; lastKnownFileType = sourcecode.c.h; path = YUVObject.h; sourceTree = "<group>"; };
		68A917E128A4B55E00E16BBA /* YUVCore.cpp */ = {isa = PBXFileReference; lastKnownFileType = sourcecode.cpp.cpp; path = YUVCore.cpp; sourceTree = "<group>"; };
		68A917E228A4B55E00E16BBA /* YUVCore.hpp */ = {isa = PBXFileReference; lastKnownFileType = sourcecode.cpp.h; path = YUVCore.hpp; sourceTree = "<group>"; };
		68FB04E128A67F09007B68E1 /* FFmpegTool.cpp */ = {isa = PBXFileReference; lastKnownFileType = sourcecode.cpp.cpp; path = FFmpegTool.cpp; sourceTree = "<group>"; };
		68FB04E228A67F09007B68E1 /* FFmpegTool.hpp */ = {isa = PBXFileReference; lastKnownFileType = sourcecode.cpp.h; path = FFmpegTool.hpp; sourceTree = "<group>"; };
		9E1FC71984114BC115C136B3 /* Pods_FFMpeg.framework */ = {isa = PBXFileReference; explicitFileType = wrapper.framework; includeInIndex = 0; path = Pods_FFMpeg.framework; sourceTree = BUILT_PRODUCTS_DIR; };
		A00D395CB64DB78745114ACC /* Pods-FFMpeg.release.xcconfig */ = {isa = PBXFileReference; includeInIndex = 1; lastKnownFileType = text.xcconfig; name = "Pods-FFMpeg.release.xcconfig"; path = "Target Support Files/Pods-FFMpeg/Pods-FFMpeg.release.xcconfig"; sourceTree = "<group>"; };
		F41DC51A2792C41200121FBE /* AVFoundation.framework */ = {isa = PBXFileReference; lastKnownFileType = wrapper.framework; name = AVFoundation.framework; path = System/Library/Frameworks/AVFoundation.framework; sourceTree = SDKROOT; };
		F41DC51D2792C43400121FBE /* AudioToolbox.framework */ = {isa = PBXFileReference; lastKnownFileType = wrapper.framework; name = AudioToolbox.framework; path = System/Library/Frameworks/AudioToolbox.framework; sourceTree = SDKROOT; };
		F41DC5202792C44A00121FBE /* VideoToolbox.framework */ = {isa = PBXFileReference; lastKnownFileType = wrapper.framework; name = VideoToolbox.framework; path = System/Library/Frameworks/VideoToolbox.framework; sourceTree = SDKROOT; };
		F41DC5242792C98F00121FBE /* JLAACACodec.cpp */ = {isa = PBXFileReference; lastKnownFileType = sourcecode.cpp.cpp; path = JLAACACodec.cpp; sourceTree = "<group>"; };
		F41DC5252792C98F00121FBE /* JLAACACodec.hpp */ = {isa = PBXFileReference; lastKnownFileType = sourcecode.cpp.h; path = JLAACACodec.hpp; sourceTree = "<group>"; };
		F44235492778076800F8B730 /* JLAudioResample.cpp */ = {isa = PBXFileReference; lastKnownFileType = sourcecode.cpp.cpp; path = JLAudioResample.cpp; sourceTree = "<group>"; };
		F442354A2778076800F8B730 /* JLAudioResample.hpp */ = {isa = PBXFileReference; lastKnownFileType = sourcecode.cpp.h; path = JLAudioResample.hpp; sourceTree = "<group>"; };
		F442354F2789812400F8B730 /* JLPlayWAV.cpp */ = {isa = PBXFileReference; lastKnownFileType = sourcecode.cpp.cpp; path = JLPlayWAV.cpp; sourceTree = "<group>"; };
		F44235502789812400F8B730 /* JLPlayWAV.hpp */ = {isa = PBXFileReference; lastKnownFileType = sourcecode.cpp.h; path = JLPlayWAV.hpp; sourceTree = "<group>"; };
		F4B9F562276F0D2400F631A4 /* FFMpeg.app */ = {isa = PBXFileReference; explicitFileType = wrapper.application; includeInIndex = 0; path = FFMpeg.app; sourceTree = BUILT_PRODUCTS_DIR; };
		F4B9F565276F0D2400F631A4 /* AppDelegate.h */ = {isa = PBXFileReference; lastKnownFileType = sourcecode.c.h; path = AppDelegate.h; sourceTree = "<group>"; };
		F4B9F566276F0D2400F631A4 /* AppDelegate.m */ = {isa = PBXFileReference; lastKnownFileType = sourcecode.c.objc; path = AppDelegate.m; sourceTree = "<group>"; };
		F4B9F568276F0D2400F631A4 /* ViewController.h */ = {isa = PBXFileReference; lastKnownFileType = sourcecode.c.h; path = ViewController.h; sourceTree = "<group>"; };
		F4B9F569276F0D2400F631A4 /* ViewController.mm */ = {isa = PBXFileReference; lastKnownFileType = sourcecode.cpp.objcpp; path = ViewController.mm; sourceTree = "<group>"; };
		F4B9F56B276F0D2600F631A4 /* Assets.xcassets */ = {isa = PBXFileReference; lastKnownFileType = folder.assetcatalog; path = Assets.xcassets; sourceTree = "<group>"; };
		F4B9F56E276F0D2600F631A4 /* Base */ = {isa = PBXFileReference; lastKnownFileType = file.storyboard; name = Base; path = Base.lproj/Main.storyboard; sourceTree = "<group>"; };
		F4B9F570276F0D2600F631A4 /* Info.plist */ = {isa = PBXFileReference; lastKnownFileType = text.plist.xml; path = Info.plist; sourceTree = "<group>"; };
		F4B9F571276F0D2600F631A4 /* main.m */ = {isa = PBXFileReference; lastKnownFileType = sourcecode.c.objc; path = main.m; sourceTree = "<group>"; };
		F4B9F573276F0D2600F631A4 /* FFMpeg.entitlements */ = {isa = PBXFileReference; lastKnownFileType = text.plist.entitlements; path = FFMpeg.entitlements; sourceTree = "<group>"; };
		F4B9F580276F543400F631A4 /* FFMpegDebug.entitlements */ = {isa = PBXFileReference; lastKnownFileType = text.plist.entitlements; path = FFMpegDebug.entitlements; sourceTree = "<group>"; };
		F4B9F5CA2770E42400F631A4 /* JLRecordPCMOrYUV.cpp */ = {isa = PBXFileReference; lastKnownFileType = sourcecode.cpp.cpp; path = JLRecordPCMOrYUV.cpp; sourceTree = "<group>"; };
		F4B9F5CB2770E42400F631A4 /* JLRecordPCMOrYUV.hpp */ = {isa = PBXFileReference; lastKnownFileType = sourcecode.cpp.h; path = JLRecordPCMOrYUV.hpp; sourceTree = "<group>"; };
		F4B9F5D22770E88A00F631A4 /* JLPlayPCM.cpp */ = {isa = PBXFileReference; lastKnownFileType = sourcecode.cpp.cpp; path = JLPlayPCM.cpp; sourceTree = "<group>"; };
		F4B9F5D32770E88A00F631A4 /* JLPlayPCM.hpp */ = {isa = PBXFileReference; lastKnownFileType = sourcecode.cpp.h; path = JLPlayPCM.hpp; sourceTree = "<group>"; };
		F4B9F5D82772279A00F631A4 /* JLPCMToWAV.cpp */ = {isa = PBXFileReference; lastKnownFileType = sourcecode.cpp.cpp; path = JLPCMToWAV.cpp; sourceTree = "<group>"; };
		F4B9F5D92772279A00F631A4 /* JLPCMToWAV.hpp */ = {isa = PBXFileReference; lastKnownFileType = sourcecode.cpp.h; path = JLPCMToWAV.hpp; sourceTree = "<group>"; };
/* End PBXFileReference section */

/* Begin PBXFrameworksBuildPhase section */
		F4B9F55F276F0D2400F631A4 /* Frameworks */ = {
			isa = PBXFrameworksBuildPhase;
			buildActionMask = 2147483647;
			files = (
				68A9179F289FB87300E16BBA /* GLUT.framework in Frameworks */,
				F41DC5212792C44A00121FBE /* VideoToolbox.framework in Frameworks */,
				F41DC51E2792C43400121FBE /* AudioToolbox.framework in Frameworks */,
				F41DC51B2792C41200121FBE /* AVFoundation.framework in Frameworks */,
				33262967C3D22D8023ABA9F4 /* Pods_FFMpeg.framework in Frameworks */,
			);
			runOnlyForDeploymentPostprocessing = 0;
		};
/* End PBXFrameworksBuildPhase section */

/* Begin PBXGroup section */
		13465E7FB91E1E5D28726AE1 /* Pods */ = {
			isa = PBXGroup;
			children = (
				617CB9840872F2F15CC79AC3 /* Pods-FFMpeg.debug.xcconfig */,
				A00D395CB64DB78745114ACC /* Pods-FFMpeg.release.xcconfig */,
			);
			path = Pods;
			sourceTree = "<group>";
		};
		68A91796289FAE1800E16BBA /* YUVPlayer */ = {
			isa = PBXGroup;
			children = (
				68A917A4289FBB4400E16BBA /* file.yuv */,
				68A917A2289FB91B00E16BBA /* 2.yuv */,
				68A9179B289FAE3D00E16BBA /* YUVView.h */,
				68A9179C289FAE3D00E16BBA /* YUVView.m */,
				68A91797289FAE2B00E16BBA /* Shader.fsh */,
				68A91798289FAE2B00E16BBA /* Shader.vsh */,
				68A917A628A0BEA900E16BBA /* YUVMacOSPlayer.h */,
				68A917A728A0BEA900E16BBA /* YUVMacOSPlayer.mm */,
				68A917DE28A4B19900E16BBA /* YUVObject.m */,
				68A917DF28A4B19900E16BBA /* YUVObject.h */,
				68A917E128A4B55E00E16BBA /* YUVCore.cpp */,
				68A917E228A4B55E00E16BBA /* YUVCore.hpp */,
			);
			path = YUVPlayer;
			sourceTree = "<group>";
		};
		F41DC5192792C41200121FBE /* Frameworks */ = {
			isa = PBXGroup;
			children = (
				68A9179E289FB87300E16BBA /* GLUT.framework */,
				F41DC5202792C44A00121FBE /* VideoToolbox.framework */,
				F41DC51D2792C43400121FBE /* AudioToolbox.framework */,
				F41DC51A2792C41200121FBE /* AVFoundation.framework */,
				9E1FC71984114BC115C136B3 /* Pods_FFMpeg.framework */,
			);
			name = Frameworks;
			sourceTree = "<group>";
		};
		F4B9F559276F0D2400F631A4 = {
			isa = PBXGroup;
			children = (
				F4B9F564276F0D2400F631A4 /* FFMpeg */,
				F4B9F563276F0D2400F631A4 /* Products */,
				F41DC5192792C41200121FBE /* Frameworks */,
				13465E7FB91E1E5D28726AE1 /* Pods */,
			);
			sourceTree = "<group>";
		};
		F4B9F563276F0D2400F631A4 /* Products */ = {
			isa = PBXGroup;
			children = (
				F4B9F562276F0D2400F631A4 /* FFMpeg.app */,
			);
			name = Products;
			sourceTree = "<group>";
		};
		F4B9F564276F0D2400F631A4 /* FFMpeg */ = {
			isa = PBXGroup;
			children = (
				68A91796289FAE1800E16BBA /* YUVPlayer */,
				F4B9F580276F543400F631A4 /* FFMpegDebug.entitlements */,
				F4B9F565276F0D2400F631A4 /* AppDelegate.h */,
				F4B9F566276F0D2400F631A4 /* AppDelegate.m */,
				F4B9F568276F0D2400F631A4 /* ViewController.h */,
				F4B9F569276F0D2400F631A4 /* ViewController.mm */,
				F4B9F5CA2770E42400F631A4 /* JLRecordPCMOrYUV.cpp */,
				F4B9F5CB2770E42400F631A4 /* JLRecordPCMOrYUV.hpp */,
				F4B9F5D22770E88A00F631A4 /* JLPlayPCM.cpp */,
				F4B9F5D32770E88A00F631A4 /* JLPlayPCM.hpp */,
				F4B9F5D82772279A00F631A4 /* JLPCMToWAV.cpp */,
				F4B9F5D92772279A00F631A4 /* JLPCMToWAV.hpp */,
				F442354F2789812400F8B730 /* JLPlayWAV.cpp */,
				F44235502789812400F8B730 /* JLPlayWAV.hpp */,
				F44235492778076800F8B730 /* JLAudioResample.cpp */,
				F442354A2778076800F8B730 /* JLAudioResample.hpp */,
				F41DC5242792C98F00121FBE /* JLAACACodec.cpp */,
				F41DC5252792C98F00121FBE /* JLAACACodec.hpp */,
				68FB04E128A67F09007B68E1 /* FFmpegTool.cpp */,
				68FB04E228A67F09007B68E1 /* FFmpegTool.hpp */,
				F4B9F56B276F0D2600F631A4 /* Assets.xcassets */,
				F4B9F56D276F0D2600F631A4 /* Main.storyboard */,
				F4B9F570276F0D2600F631A4 /* Info.plist */,
				F4B9F571276F0D2600F631A4 /* main.m */,
				F4B9F573276F0D2600F631A4 /* FFMpeg.entitlements */,
			);
			path = FFMpeg;
			sourceTree = "<group>";
		};
/* End PBXGroup section */

/* Begin PBXNativeTarget section */
		F4B9F561276F0D2400F631A4 /* FFMpeg */ = {
			isa = PBXNativeTarget;
			buildConfigurationList = F4B9F576276F0D2600F631A4 /* Build configuration list for PBXNativeTarget "FFMpeg" */;
			buildPhases = (
				A1576480B446FDAE4219FF5B /* [CP] Check Pods Manifest.lock */,
				F4B9F55E276F0D2400F631A4 /* Sources */,
				F4B9F55F276F0D2400F631A4 /* Frameworks */,
				F4B9F560276F0D2400F631A4 /* Resources */,
				5BA3A51B4540C9271D9C0AD7 /* [CP] Embed Pods Frameworks */,
			);
			buildRules = (
			);
			dependencies = (
			);
			name = FFMpeg;
			productName = FFMpeg;
			productReference = F4B9F562276F0D2400F631A4 /* FFMpeg.app */;
			productType = "com.apple.product-type.application";
		};
/* End PBXNativeTarget section */

/* Begin PBXProject section */
		F4B9F55A276F0D2400F631A4 /* Project object */ = {
			isa = PBXProject;
			attributes = {
				LastUpgradeCheck = 1240;
				TargetAttributes = {
					F4B9F561276F0D2400F631A4 = {
						CreatedOnToolsVersion = 12.4;
					};
				};
			};
			buildConfigurationList = F4B9F55D276F0D2400F631A4 /* Build configuration list for PBXProject "FFMpeg" */;
			compatibilityVersion = "Xcode 9.3";
			developmentRegion = en;
			hasScannedForEncodings = 0;
			knownRegions = (
				en,
				Base,
			);
			mainGroup = F4B9F559276F0D2400F631A4;
			productRefGroup = F4B9F563276F0D2400F631A4 /* Products */;
			projectDirPath = "";
			projectRoot = "";
			targets = (
				F4B9F561276F0D2400F631A4 /* FFMpeg */,
			);
		};
/* End PBXProject section */

/* Begin PBXResourcesBuildPhase section */
		F4B9F560276F0D2400F631A4 /* Resources */ = {
			isa = PBXResourcesBuildPhase;
			buildActionMask = 2147483647;
			files = (
				68A917A5289FBB4400E16BBA /* file.yuv in Resources */,
				68A9179A289FAE2B00E16BBA /* Shader.vsh in Resources */,
				68A91799289FAE2B00E16BBA /* Shader.fsh in Resources */,
				68A917A3289FB91B00E16BBA /* 2.yuv in Resources */,
				F4B9F56C276F0D2600F631A4 /* Assets.xcassets in Resources */,
				F4B9F56F276F0D2600F631A4 /* Main.storyboard in Resources */,
			);
			runOnlyForDeploymentPostprocessing = 0;
		};
/* End PBXResourcesBuildPhase section */

/* Begin PBXShellScriptBuildPhase section */
		5BA3A51B4540C9271D9C0AD7 /* [CP] Embed Pods Frameworks */ = {
			isa = PBXShellScriptBuildPhase;
			buildActionMask = 2147483647;
			files = (
			);
			inputFileListPaths = (
				"${PODS_ROOT}/Target Support Files/Pods-FFMpeg/Pods-FFMpeg-frameworks-${CONFIGURATION}-input-files.xcfilelist",
			);
			name = "[CP] Embed Pods Frameworks";
			outputFileListPaths = (
				"${PODS_ROOT}/Target Support Files/Pods-FFMpeg/Pods-FFMpeg-frameworks-${CONFIGURATION}-output-files.xcfilelist",
			);
			runOnlyForDeploymentPostprocessing = 0;
			shellPath = /bin/sh;
			shellScript = "\"${PODS_ROOT}/Target Support Files/Pods-FFMpeg/Pods-FFMpeg-frameworks.sh\"\n";
			showEnvVarsInLog = 0;
		};
		A1576480B446FDAE4219FF5B /* [CP] Check Pods Manifest.lock */ = {
			isa = PBXShellScriptBuildPhase;
			buildActionMask = 2147483647;
			files = (
			);
			inputFileListPaths = (
			);
			inputPaths = (
				"${PODS_PODFILE_DIR_PATH}/Podfile.lock",
				"${PODS_ROOT}/Manifest.lock",
			);
			name = "[CP] Check Pods Manifest.lock";
			outputFileListPaths = (
			);
			outputPaths = (
				"$(DERIVED_FILE_DIR)/Pods-FFMpeg-checkManifestLockResult.txt",
			);
			runOnlyForDeploymentPostprocessing = 0;
			shellPath = /bin/sh;
			shellScript = "diff \"${PODS_PODFILE_DIR_PATH}/Podfile.lock\" \"${PODS_ROOT}/Manifest.lock\" > /dev/null\nif [ $? != 0 ] ; then\n    # print error to STDERR\n    echo \"error: The sandbox is not in sync with the Podfile.lock. Run 'pod install' or update your CocoaPods installation.\" >&2\n    exit 1\nfi\n# This output is used by Xcode 'outputs' to avoid re-running this script phase.\necho \"SUCCESS\" > \"${SCRIPT_OUTPUT_FILE_0}\"\n";
			showEnvVarsInLog = 0;
		};
/* End PBXShellScriptBuildPhase section */

/* Begin PBXSourcesBuildPhase section */
		F4B9F55E276F0D2400F631A4 /* Sources */ = {
			isa = PBXSourcesBuildPhase;
			buildActionMask = 2147483647;
			files = (
				F44235512789812400F8B730 /* JLPlayWAV.cpp in Sources */,
				68A9179D289FAE3E00E16BBA /* YUVView.m in Sources */,
				68FB04E328A67F09007B68E1 /* FFmpegTool.cpp in Sources */,
				F4B9F56A276F0D2400F631A4 /* ViewController.mm in Sources */,
				F4B9F5DA2772279A00F631A4 /* JLPCMToWAV.cpp in Sources */,
				68A917A828A0BEA900E16BBA /* YUVMacOSPlayer.mm in Sources */,
				F4B9F5CC2770E42400F631A4 /* JLRecordPCMOrYUV.cpp in Sources */,
				F4B9F572276F0D2600F631A4 /* main.m in Sources */,
				F4B9F567276F0D2400F631A4 /* AppDelegate.m in Sources */,
				F442354B2778076800F8B730 /* JLAudioResample.cpp in Sources */,
				68A917E328A4B55E00E16BBA /* YUVCore.cpp in Sources */,
				F41DC5262792C98F00121FBE /* JLAACACodec.cpp in Sources */,
				F4B9F5D42770E88A00F631A4 /* JLPlayPCM.cpp in Sources */,
				68A917E028A4B19900E16BBA /* YUVObject.m in Sources */,
			);
			runOnlyForDeploymentPostprocessing = 0;
		};
/* End PBXSourcesBuildPhase section */

/* Begin PBXVariantGroup section */
		F4B9F56D276F0D2600F631A4 /* Main.storyboard */ = {
			isa = PBXVariantGroup;
			children = (
				F4B9F56E276F0D2600F631A4 /* Base */,
			);
			name = Main.storyboard;
			sourceTree = "<group>";
		};
/* End PBXVariantGroup section */

/* Begin XCBuildConfiguration section */
		F4B9F574276F0D2600F631A4 /* Debug */ = {
			isa = XCBuildConfiguration;
			buildSettings = {
				ALWAYS_SEARCH_USER_PATHS = NO;
				CLANG_ANALYZER_NONNULL = YES;
				CLANG_ANALYZER_NUMBER_OBJECT_CONVERSION = YES_AGGRESSIVE;
				CLANG_CXX_LANGUAGE_STANDARD = "gnu++14";
				CLANG_CXX_LIBRARY = "libc++";
				CLANG_ENABLE_MODULES = YES;
				CLANG_ENABLE_OBJC_ARC = YES;
				CLANG_ENABLE_OBJC_WEAK = YES;
				CLANG_WARN_BLOCK_CAPTURE_AUTORELEASING = YES;
				CLANG_WARN_BOOL_CONVERSION = YES;
				CLANG_WARN_COMMA = YES;
				CLANG_WARN_CONSTANT_CONVERSION = YES;
				CLANG_WARN_DEPRECATED_OBJC_IMPLEMENTATIONS = YES;
				CLANG_WARN_DIRECT_OBJC_ISA_USAGE = YES_ERROR;
				CLANG_WARN_DOCUMENTATION_COMMENTS = YES;
				CLANG_WARN_EMPTY_BODY = YES;
				CLANG_WARN_ENUM_CONVERSION = YES;
				CLANG_WARN_INFINITE_RECURSION = YES;
				CLANG_WARN_INT_CONVERSION = YES;
				CLANG_WARN_NON_LITERAL_NULL_CONVERSION = YES;
				CLANG_WARN_OBJC_IMPLICIT_RETAIN_SELF = YES;
				CLANG_WARN_OBJC_LITERAL_CONVERSION = YES;
				CLANG_WARN_OBJC_ROOT_CLASS = YES_ERROR;
				CLANG_WARN_QUOTED_INCLUDE_IN_FRAMEWORK_HEADER = YES;
				CLANG_WARN_RANGE_LOOP_ANALYSIS = YES;
				CLANG_WARN_STRICT_PROTOTYPES = YES;
				CLANG_WARN_SUSPICIOUS_MOVE = YES;
				CLANG_WARN_UNGUARDED_AVAILABILITY = YES_AGGRESSIVE;
				CLANG_WARN_UNREACHABLE_CODE = YES;
				CLANG_WARN__DUPLICATE_METHOD_MATCH = YES;
				COPY_PHASE_STRIP = NO;
				DEBUG_INFORMATION_FORMAT = dwarf;
				ENABLE_STRICT_OBJC_MSGSEND = YES;
				ENABLE_TESTABILITY = YES;
				GCC_C_LANGUAGE_STANDARD = gnu11;
				GCC_DYNAMIC_NO_PIC = NO;
				GCC_NO_COMMON_BLOCKS = YES;
				GCC_OPTIMIZATION_LEVEL = 0;
				GCC_PREPROCESSOR_DEFINITIONS = (
					"DEBUG=1",
					"$(inherited)",
				);
				GCC_WARN_64_TO_32_BIT_CONVERSION = YES;
				GCC_WARN_ABOUT_RETURN_TYPE = YES_ERROR;
				GCC_WARN_UNDECLARED_SELECTOR = YES;
				GCC_WARN_UNINITIALIZED_AUTOS = YES_AGGRESSIVE;
				GCC_WARN_UNUSED_FUNCTION = YES;
				GCC_WARN_UNUSED_VARIABLE = YES;
				MACOSX_DEPLOYMENT_TARGET = 10.12;
				MTL_ENABLE_DEBUG_INFO = INCLUDE_SOURCE;
				MTL_FAST_MATH = YES;
				ONLY_ACTIVE_ARCH = YES;
				SDKROOT = macosx;
			};
			name = Debug;
		};
		F4B9F575276F0D2600F631A4 /* Release */ = {
			isa = XCBuildConfiguration;
			buildSettings = {
				ALWAYS_SEARCH_USER_PATHS = NO;
				CLANG_ANALYZER_NONNULL = YES;
				CLANG_ANALYZER_NUMBER_OBJECT_CONVERSION = YES_AGGRESSIVE;
				CLANG_CXX_LANGUAGE_STANDARD = "gnu++14";
				CLANG_CXX_LIBRARY = "libc++";
				CLANG_ENABLE_MODULES = YES;
				CLANG_ENABLE_OBJC_ARC = YES;
				CLANG_ENABLE_OBJC_WEAK = YES;
				CLANG_WARN_BLOCK_CAPTURE_AUTORELEASING = YES;
				CLANG_WARN_BOOL_CONVERSION = YES;
				CLANG_WARN_COMMA = YES;
				CLANG_WARN_CONSTANT_CONVERSION = YES;
				CLANG_WARN_DEPRECATED_OBJC_IMPLEMENTATIONS = YES;
				CLANG_WARN_DIRECT_OBJC_ISA_USAGE = YES_ERROR;
				CLANG_WARN_DOCUMENTATION_COMMENTS = YES;
				CLANG_WARN_EMPTY_BODY = YES;
				CLANG_WARN_ENUM_CONVERSION = YES;
				CLANG_WARN_INFINITE_RECURSION = YES;
				CLANG_WARN_INT_CONVERSION = YES;
				CLANG_WARN_NON_LITERAL_NULL_CONVERSION = YES;
				CLANG_WARN_OBJC_IMPLICIT_RETAIN_SELF = YES;
				CLANG_WARN_OBJC_LITERAL_CONVERSION = YES;
				CLANG_WARN_OBJC_ROOT_CLASS = YES_ERROR;
				CLANG_WARN_QUOTED_INCLUDE_IN_FRAMEWORK_HEADER = YES;
				CLANG_WARN_RANGE_LOOP_ANALYSIS = YES;
				CLANG_WARN_STRICT_PROTOTYPES = YES;
				CLANG_WARN_SUSPICIOUS_MOVE = YES;
				CLANG_WARN_UNGUARDED_AVAILABILITY = YES_AGGRESSIVE;
				CLANG_WARN_UNREACHABLE_CODE = YES;
				CLANG_WARN__DUPLICATE_METHOD_MATCH = YES;
				COPY_PHASE_STRIP = NO;
				DEBUG_INFORMATION_FORMAT = "dwarf-with-dsym";
				ENABLE_NS_ASSERTIONS = NO;
				ENABLE_STRICT_OBJC_MSGSEND = YES;
				GCC_C_LANGUAGE_STANDARD = gnu11;
				GCC_NO_COMMON_BLOCKS = YES;
				GCC_WARN_64_TO_32_BIT_CONVERSION = YES;
				GCC_WARN_ABOUT_RETURN_TYPE = YES_ERROR;
				GCC_WARN_UNDECLARED_SELECTOR = YES;
				GCC_WARN_UNINITIALIZED_AUTOS = YES_AGGRESSIVE;
				GCC_WARN_UNUSED_FUNCTION = YES;
				GCC_WARN_UNUSED_VARIABLE = YES;
				MACOSX_DEPLOYMENT_TARGET = 10.12;
				MTL_ENABLE_DEBUG_INFO = NO;
				MTL_FAST_MATH = YES;
				SDKROOT = macosx;
			};
			name = Release;
		};
		F4B9F577276F0D2600F631A4 /* Debug */ = {
			isa = XCBuildConfiguration;
			baseConfigurationReference = 617CB9840872F2F15CC79AC3 /* Pods-FFMpeg.debug.xcconfig */;
			buildSettings = {
				ASSETCATALOG_COMPILER_APPICON_NAME = AppIcon;
				ASSETCATALOG_COMPILER_GLOBAL_ACCENT_COLOR_NAME = AccentColor;
				CODE_SIGN_ENTITLEMENTS = FFMpeg/FFMpegDebug.entitlements;
				CODE_SIGN_STYLE = Automatic;
				COMBINE_HIDPI_IMAGES = YES;
				HEADER_SEARCH_PATHS = (
					/usr/local/ffmpeg/include/,
					/usr/local/Cellar/sdl2/2.0.14_1/include/,
					/usr/local/Cellar/sdl2/2.0.22/include/,
					/usr/local/Cellar/ffmpeg/5.0.1_3/include/,
				);
				INFOPLIST_FILE = FFMpeg/Info.plist;
				LD_RUNPATH_SEARCH_PATHS = (
					"$(inherited)",
					"@executable_path/../Frameworks",
				);
				LIBRARY_SEARCH_PATHS = (
					"/usr/local/ffmpeg/lib/**",
					"/usr/local/Cellar/sdl2/2.0.14_1/lib/**",
					/usr/local/Cellar/sdl2/2.0.22/lib,
					/usr/local/Cellar/ffmpeg/5.0.1_3/lib,
				);
				OTHER_LDFLAGS = (
					"-l\"avutil\"",
					"-l\"avformat\"",
					"-l\"avdevice\"",
					"-l\"avcodec\"",
					"-l\"sdl2\"",
					"-l\"swresample\"",
					"-l\"avfilter\"",
				);
				PRODUCT_BUNDLE_IDENTIFIER = JL.FFMpeg;
				PRODUCT_NAME = "$(TARGET_NAME)";
			};
			name = Debug;
		};
		F4B9F578276F0D2600F631A4 /* Release */ = {
			isa = XCBuildConfiguration;
			baseConfigurationReference = A00D395CB64DB78745114ACC /* Pods-FFMpeg.release.xcconfig */;
			buildSettings = {
				ASSETCATALOG_COMPILER_APPICON_NAME = AppIcon;
				ASSETCATALOG_COMPILER_GLOBAL_ACCENT_COLOR_NAME = AccentColor;
				CODE_SIGN_ENTITLEMENTS = FFMpeg/FFMpeg.entitlements;
				CODE_SIGN_STYLE = Automatic;
				COMBINE_HIDPI_IMAGES = YES;
				HEADER_SEARCH_PATHS = (
					/usr/local/ffmpeg/include/,
					/usr/local/Cellar/sdl2/2.0.14_1/include/,
					/usr/local/Cellar/sdl2/2.0.22/include/,
					/usr/local/Cellar/ffmpeg/5.0.1_3/include/,
				);
				INFOPLIST_FILE = FFMpeg/Info.plist;
				LD_RUNPATH_SEARCH_PATHS = (
					"$(inherited)",
					"@executable_path/../Frameworks",
				);
				LIBRARY_SEARCH_PATHS = (
					"/usr/local/ffmpeg/lib/**",
					"/usr/local/Cellar/sdl2/2.0.14_1/lib/**",
					/usr/local/Cellar/sdl2/2.0.22/lib,
					/usr/local/Cellar/ffmpeg/5.0.1_3/lib,
				);
				OTHER_LDFLAGS = (
					"-l\"avutil\"",
					"-l\"avformat\"",
					"-l\"avdevice\"",
					"-l\"avcodec\"",
					"-l\"sdl2\"",
					"-l\"swresample\"",
					"-l\"avfilter\"",
				);
				PRODUCT_BUNDLE_IDENTIFIER = JL.FFMpeg;
				PRODUCT_NAME = "$(TARGET_NAME)";
			};
			name = Release;
		};
/* End XCBuildConfiguration section */

/* Begin XCConfigurationList section */
		F4B9F55D276F0D2400F631A4 /* Build configuration list for PBXProject "FFMpeg" */ = {
			isa = XCConfigurationList;
			buildConfigurations = (
				F4B9F574276F0D2600F631A4 /* Debug */,
				F4B9F575276F0D2600F631A4 /* Release */,
			);
			defaultConfigurationIsVisible = 0;
			defaultConfigurationName = Release;
		};
		F4B9F576276F0D2600F631A4 /* Build configuration list for PBXNativeTarget "FFMpeg" */ = {
			isa = XCConfigurationList;
			buildConfigurations = (
				F4B9F577276F0D2600F631A4 /* Debug */,
				F4B9F578276F0D2600F631A4 /* Release */,
			);
			defaultConfigurationIsVisible = 0;
			defaultConfigurationName = Release;
		};
/* End XCConfigurationList section */
	};
	rootObject = F4B9F55A276F0D2400F631A4 /* Project object */;
}
