// !$*UTF8*$!
{
	archiveVersion = 1;
	classes = {
	};
	objectVersion = 50;
	objects = {

/* Begin PBXBuildFile section */
		F4B9F567276F0D2400F631A4 /* AppDelegate.m in Sources */ = {isa = PBXBuildFile; fileRef = F4B9F566276F0D2400F631A4 /* AppDelegate.m */; };
		F4B9F56A276F0D2400F631A4 /* ViewController.mm in Sources */ = {isa = PBXBuildFile; fileRef = F4B9F569276F0D2400F631A4 /* ViewController.mm */; };
		F4B9F56C276F0D2600F631A4 /* Assets.xcassets in Resources */ = {isa = PBXBuildFile; fileRef = F4B9F56B276F0D2600F631A4 /* Assets.xcassets */; };
		F4B9F56F276F0D2600F631A4 /* Main.storyboard in Resources */ = {isa = PBXBuildFile; fileRef = F4B9F56D276F0D2600F631A4 /* Main.storyboard */; };
		F4B9F572276F0D2600F631A4 /* main.m in Sources */ = {isa = PBXBuildFile; fileRef = F4B9F571276F0D2600F631A4 /* main.m */; };
		F4B9F5CC2770E42400F631A4 /* JLRecordPCM.cpp in Sources */ = {isa = PBXBuildFile; fileRef = F4B9F5CA2770E42400F631A4 /* JLRecordPCM.cpp */; };
		F4B9F5D42770E88A00F631A4 /* JLPlayPCM.cpp in Sources */ = {isa = PBXBuildFile; fileRef = F4B9F5D22770E88A00F631A4 /* JLPlayPCM.cpp */; };
		F4B9F5DA2772279A00F631A4 /* JLPCMToWAV.cpp in Sources */ = {isa = PBXBuildFile; fileRef = F4B9F5D82772279A00F631A4 /* JLPCMToWAV.cpp */; };
/* End PBXBuildFile section */

/* Begin PBXFileReference section */
		F4B9F562276F0D2400F631A4 /* FFMpeg.app */ = {isa = PBXFileReference; explicitFileType = wrapper.application; includeInIndex = 0; path = FFMpeg.app; sourceTree = BUILT_PRODUCTS_DIR; };
		F4B9F565276F0D2400F631A4 /* AppDelegate.h */ = {isa = PBXFileReference; lastKnownFileType = sourcecode.c.h; path = AppDelegate.h; sourceTree = "<group>"; };
		F4B9F566276F0D2400F631A4 /* AppDelegate.m */ = {isa = PBXFileReference; lastKnownFileType = sourcecode.c.objc; path = AppDelegate.m; sourceTree = "<group>"; };
		F4B9F568276F0D2400F631A4 /* ViewController.h */ = {isa = PBXFileReference; lastKnownFileType = sourcecode.c.h; path = ViewController.h; sourceTree = "<group>"; };
		F4B9F569276F0D2400F631A4 /* ViewController.mm */ = {isa = PBXFileReference; lastKnownFileType = sourcecode.cpp.objcpp; path = ViewController.mm; sourceTree = "<group>"; };
		F4B9F56B276F0D2600F631A4 /* Assets.xcassets */ = {isa = PBXFileReference; lastKnownFileType = folder.assetcatalog; path = Assets.xcassets; sourceTree = "<group>"; };
		F4B9F56E276F0D2600F631A4 /* Base */ = {isa = PBXFileReference; lastKnownFileType = file.storyboard; name = Base; path = Base.lproj/Main.storyboard; sourceTree = "<group>"; };
		F4B9F570276F0D2600F631A4 /* Info.plist */ = {isa = PBXFileReference; lastKnownFileType = text.plist.xml; path = Info.plist; sourceTree = "<group>"; };
		F4B9F571276F0D2600F631A4 /* main.m */ = {isa = PBXFileReference; lastKnownFileType = sourcecode.c.objc; path = main.m; sourceTree = "<group>"; };
		F4B9F573276F0D2600F631A4 /* FFMpeg.entitlements */ = {isa = PBXFileReference; lastKnownFileType = text.plist.entitlements; path = FFMpeg.entitlements; sourceTree = "<group>"; };
		F4B9F580276F543400F631A4 /* FFMpegDebug.entitlements */ = {isa = PBXFileReference; lastKnownFileType = text.plist.entitlements; path = FFMpegDebug.entitlements; sourceTree = "<group>"; };
		F4B9F5CA2770E42400F631A4 /* JLRecordPCM.cpp */ = {isa = PBXFileReference; lastKnownFileType = sourcecode.cpp.cpp; path = JLRecordPCM.cpp; sourceTree = "<group>"; };
		F4B9F5CB2770E42400F631A4 /* JLRecordPCM.hpp */ = {isa = PBXFileReference; lastKnownFileType = sourcecode.cpp.h; path = JLRecordPCM.hpp; sourceTree = "<group>"; };
		F4B9F5D22770E88A00F631A4 /* JLPlayPCM.cpp */ = {isa = PBXFileReference; lastKnownFileType = sourcecode.cpp.cpp; path = JLPlayPCM.cpp; sourceTree = "<group>"; };
		F4B9F5D32770E88A00F631A4 /* JLPlayPCM.hpp */ = {isa = PBXFileReference; lastKnownFileType = sourcecode.cpp.h; path = JLPlayPCM.hpp; sourceTree = "<group>"; };
		F4B9F5D82772279A00F631A4 /* JLPCMToWAV.cpp */ = {isa = PBXFileReference; lastKnownFileType = sourcecode.cpp.cpp; path = JLPCMToWAV.cpp; sourceTree = "<group>"; };
		F4B9F5D92772279A00F631A4 /* JLPCMToWAV.hpp */ = {isa = PBXFileReference; lastKnownFileType = sourcecode.cpp.h; path = JLPCMToWAV.hpp; sourceTree = "<group>"; };
/* End PBXFileReference section */

/* Begin PBXFrameworksBuildPhase section */
		F4B9F55F276F0D2400F631A4 /* Frameworks */ = {
			isa = PBXFrameworksBuildPhase;
			buildActionMask = 2147483647;
			files = (
			);
			runOnlyForDeploymentPostprocessing = 0;
		};
/* End PBXFrameworksBuildPhase section */

/* Begin PBXGroup section */
		F4B9F559276F0D2400F631A4 = {
			isa = PBXGroup;
			children = (
				F4B9F564276F0D2400F631A4 /* FFMpeg */,
				F4B9F563276F0D2400F631A4 /* Products */,
			);
			sourceTree = "<group>";
		};
		F4B9F563276F0D2400F631A4 /* Products */ = {
			isa = PBXGroup;
			children = (
				F4B9F562276F0D2400F631A4 /* FFMpeg.app */,
			);
			name = Products;
			sourceTree = "<group>";
		};
		F4B9F564276F0D2400F631A4 /* FFMpeg */ = {
			isa = PBXGroup;
			children = (
				F4B9F580276F543400F631A4 /* FFMpegDebug.entitlements */,
				F4B9F565276F0D2400F631A4 /* AppDelegate.h */,
				F4B9F566276F0D2400F631A4 /* AppDelegate.m */,
				F4B9F568276F0D2400F631A4 /* ViewController.h */,
				F4B9F569276F0D2400F631A4 /* ViewController.mm */,
				F4B9F5CA2770E42400F631A4 /* JLRecordPCM.cpp */,
				F4B9F5CB2770E42400F631A4 /* JLRecordPCM.hpp */,
				F4B9F5D22770E88A00F631A4 /* JLPlayPCM.cpp */,
				F4B9F5D32770E88A00F631A4 /* JLPlayPCM.hpp */,
				F4B9F5D82772279A00F631A4 /* JLPCMToWAV.cpp */,
				F4B9F5D92772279A00F631A4 /* JLPCMToWAV.hpp */,
				F4B9F56B276F0D2600F631A4 /* Assets.xcassets */,
				F4B9F56D276F0D2600F631A4 /* Main.storyboard */,
				F4B9F570276F0D2600F631A4 /* Info.plist */,
				F4B9F571276F0D2600F631A4 /* main.m */,
				F4B9F573276F0D2600F631A4 /* FFMpeg.entitlements */,
			);
			path = FFMpeg;
			sourceTree = "<group>";
		};
/* End PBXGroup section */

/* Begin PBXNativeTarget section */
		F4B9F561276F0D2400F631A4 /* FFMpeg */ = {
			isa = PBXNativeTarget;
			buildConfigurationList = F4B9F576276F0D2600F631A4 /* Build configuration list for PBXNativeTarget "FFMpeg" */;
			buildPhases = (
				F4B9F55E276F0D2400F631A4 /* Sources */,
				F4B9F55F276F0D2400F631A4 /* Frameworks */,
				F4B9F560276F0D2400F631A4 /* Resources */,
			);
			buildRules = (
			);
			dependencies = (
			);
			name = FFMpeg;
			productName = FFMpeg;
			productReference = F4B9F562276F0D2400F631A4 /* FFMpeg.app */;
			productType = "com.apple.product-type.application";
		};
/* End PBXNativeTarget section */

/* Begin PBXProject section */
		F4B9F55A276F0D2400F631A4 /* Project object */ = {
			isa = PBXProject;
			attributes = {
				LastUpgradeCheck = 1240;
				TargetAttributes = {
					F4B9F561276F0D2400F631A4 = {
						CreatedOnToolsVersion = 12.4;
					};
				};
			};
			buildConfigurationList = F4B9F55D276F0D2400F631A4 /* Build configuration list for PBXProject "FFMpeg" */;
			compatibilityVersion = "Xcode 9.3";
			developmentRegion = en;
			hasScannedForEncodings = 0;
			knownRegions = (
				en,
				Base,
			);
			mainGroup = F4B9F559276F0D2400F631A4;
			productRefGroup = F4B9F563276F0D2400F631A4 /* Products */;
			projectDirPath = "";
			projectRoot = "";
			targets = (
				F4B9F561276F0D2400F631A4 /* FFMpeg */,
			);
		};
/* End PBXProject section */

/* Begin PBXResourcesBuildPhase section */
		F4B9F560276F0D2400F631A4 /* Resources */ = {
			isa = PBXResourcesBuildPhase;
			buildActionMask = 2147483647;
			files = (
				F4B9F56C276F0D2600F631A4 /* Assets.xcassets in Resources */,
				F4B9F56F276F0D2600F631A4 /* Main.storyboard in Resources */,
			);
			runOnlyForDeploymentPostprocessing = 0;
		};
/* End PBXResourcesBuildPhase section */

/* Begin PBXSourcesBuildPhase section */
		F4B9F55E276F0D2400F631A4 /* Sources */ = {
			isa = PBXSourcesBuildPhase;
			buildActionMask = 2147483647;
			files = (
				F4B9F56A276F0D2400F631A4 /* ViewController.mm in Sources */,
				F4B9F5DA2772279A00F631A4 /* JLPCMToWAV.cpp in Sources */,
				F4B9F5CC2770E42400F631A4 /* JLRecordPCM.cpp in Sources */,
				F4B9F572276F0D2600F631A4 /* main.m in Sources */,
				F4B9F567276F0D2400F631A4 /* AppDelegate.m in Sources */,
				F4B9F5D42770E88A00F631A4 /* JLPlayPCM.cpp in Sources */,
			);
			runOnlyForDeploymentPostprocessing = 0;
		};
/* End PBXSourcesBuildPhase section */

/* Begin PBXVariantGroup section */
		F4B9F56D276F0D2600F631A4 /* Main.storyboard */ = {
			isa = PBXVariantGroup;
			children = (
				F4B9F56E276F0D2600F631A4 /* Base */,
			);
			name = Main.storyboard;
			sourceTree = "<group>";
		};
/* End PBXVariantGroup section */

/* Begin XCBuildConfiguration section */
		F4B9F574276F0D2600F631A4 /* Debug */ = {
			isa = XCBuildConfiguration;
			buildSettings = {
				ALWAYS_SEARCH_USER_PATHS = NO;
				CLANG_ANALYZER_NONNULL = YES;
				CLANG_ANALYZER_NUMBER_OBJECT_CONVERSION = YES_AGGRESSIVE;
				CLANG_CXX_LANGUAGE_STANDARD = "gnu++14";
				CLANG_CXX_LIBRARY = "libc++";
				CLANG_ENABLE_MODULES = YES;
				CLANG_ENABLE_OBJC_ARC = YES;
				CLANG_ENABLE_OBJC_WEAK = YES;
				CLANG_WARN_BLOCK_CAPTURE_AUTORELEASING = YES;
				CLANG_WARN_BOOL_CONVERSION = YES;
				CLANG_WARN_COMMA = YES;
				CLANG_WARN_CONSTANT_CONVERSION = YES;
				CLANG_WARN_DEPRECATED_OBJC_IMPLEMENTATIONS = YES;
				CLANG_WARN_DIRECT_OBJC_ISA_USAGE = YES_ERROR;
				CLANG_WARN_DOCUMENTATION_COMMENTS = YES;
				CLANG_WARN_EMPTY_BODY = YES;
				CLANG_WARN_ENUM_CONVERSION = YES;
				CLANG_WARN_INFINITE_RECURSION = YES;
				CLANG_WARN_INT_CONVERSION = YES;
				CLANG_WARN_NON_LITERAL_NULL_CONVERSION = YES;
				CLANG_WARN_OBJC_IMPLICIT_RETAIN_SELF = YES;
				CLANG_WARN_OBJC_LITERAL_CONVERSION = YES;
				CLANG_WARN_OBJC_ROOT_CLASS = YES_ERROR;
				CLANG_WARN_QUOTED_INCLUDE_IN_FRAMEWORK_HEADER = YES;
				CLANG_WARN_RANGE_LOOP_ANALYSIS = YES;
				CLANG_WARN_STRICT_PROTOTYPES = YES;
				CLANG_WARN_SUSPICIOUS_MOVE = YES;
				CLANG_WARN_UNGUARDED_AVAILABILITY = YES_AGGRESSIVE;
				CLANG_WARN_UNREACHABLE_CODE = YES;
				CLANG_WARN__DUPLICATE_METHOD_MATCH = YES;
				COPY_PHASE_STRIP = NO;
				DEBUG_INFORMATION_FORMAT = dwarf;
				ENABLE_STRICT_OBJC_MSGSEND = YES;
				ENABLE_TESTABILITY = YES;
				GCC_C_LANGUAGE_STANDARD = gnu11;
				GCC_DYNAMIC_NO_PIC = NO;
				GCC_NO_COMMON_BLOCKS = YES;
				GCC_OPTIMIZATION_LEVEL = 0;
				GCC_PREPROCESSOR_DEFINITIONS = (
					"DEBUG=1",
					"$(inherited)",
				);
				GCC_WARN_64_TO_32_BIT_CONVERSION = YES;
				GCC_WARN_ABOUT_RETURN_TYPE = YES_ERROR;
				GCC_WARN_UNDECLARED_SELECTOR = YES;
				GCC_WARN_UNINITIALIZED_AUTOS = YES_AGGRESSIVE;
				GCC_WARN_UNUSED_FUNCTION = YES;
				GCC_WARN_UNUSED_VARIABLE = YES;
				MACOSX_DEPLOYMENT_TARGET = 11.1;
				MTL_ENABLE_DEBUG_INFO = INCLUDE_SOURCE;
				MTL_FAST_MATH = YES;
				ONLY_ACTIVE_ARCH = YES;
				SDKROOT = macosx;
			};
			name = Debug;
		};
		F4B9F575276F0D2600F631A4 /* Release */ = {
			isa = XCBuildConfiguration;
			buildSettings = {
				ALWAYS_SEARCH_USER_PATHS = NO;
				CLANG_ANALYZER_NONNULL = YES;
				CLANG_ANALYZER_NUMBER_OBJECT_CONVERSION = YES_AGGRESSIVE;
				CLANG_CXX_LANGUAGE_STANDARD = "gnu++14";
				CLANG_CXX_LIBRARY = "libc++";
				CLANG_ENABLE_MODULES = YES;
				CLANG_ENABLE_OBJC_ARC = YES;
				CLANG_ENABLE_OBJC_WEAK = YES;
				CLANG_WARN_BLOCK_CAPTURE_AUTORELEASING = YES;
				CLANG_WARN_BOOL_CONVERSION = YES;
				CLANG_WARN_COMMA = YES;
				CLANG_WARN_CONSTANT_CONVERSION = YES;
				CLANG_WARN_DEPRECATED_OBJC_IMPLEMENTATIONS = YES;
				CLANG_WARN_DIRECT_OBJC_ISA_USAGE = YES_ERROR;
				CLANG_WARN_DOCUMENTATION_COMMENTS = YES;
				CLANG_WARN_EMPTY_BODY = YES;
				CLANG_WARN_ENUM_CONVERSION = YES;
				CLANG_WARN_INFINITE_RECURSION = YES;
				CLANG_WARN_INT_CONVERSION = YES;
				CLANG_WARN_NON_LITERAL_NULL_CONVERSION = YES;
				CLANG_WARN_OBJC_IMPLICIT_RETAIN_SELF = YES;
				CLANG_WARN_OBJC_LITERAL_CONVERSION = YES;
				CLANG_WARN_OBJC_ROOT_CLASS = YES_ERROR;
				CLANG_WARN_QUOTED_INCLUDE_IN_FRAMEWORK_HEADER = YES;
				CLANG_WARN_RANGE_LOOP_ANALYSIS = YES;
				CLANG_WARN_STRICT_PROTOTYPES = YES;
				CLANG_WARN_SUSPICIOUS_MOVE = YES;
				CLANG_WARN_UNGUARDED_AVAILABILITY = YES_AGGRESSIVE;
				CLANG_WARN_UNREACHABLE_CODE = YES;
				CLANG_WARN__DUPLICATE_METHOD_MATCH = YES;
				COPY_PHASE_STRIP = NO;
				DEBUG_INFORMATION_FORMAT = "dwarf-with-dsym";
				ENABLE_NS_ASSERTIONS = NO;
				ENABLE_STRICT_OBJC_MSGSEND = YES;
				GCC_C_LANGUAGE_STANDARD = gnu11;
				GCC_NO_COMMON_BLOCKS = YES;
				GCC_WARN_64_TO_32_BIT_CONVERSION = YES;
				GCC_WARN_ABOUT_RETURN_TYPE = YES_ERROR;
				GCC_WARN_UNDECLARED_SELECTOR = YES;
				GCC_WARN_UNINITIALIZED_AUTOS = YES_AGGRESSIVE;
				GCC_WARN_UNUSED_FUNCTION = YES;
				GCC_WARN_UNUSED_VARIABLE = YES;
				MACOSX_DEPLOYMENT_TARGET = 11.1;
				MTL_ENABLE_DEBUG_INFO = NO;
				MTL_FAST_MATH = YES;
				SDKROOT = macosx;
			};
			name = Release;
		};
		F4B9F577276F0D2600F631A4 /* Debug */ = {
			isa = XCBuildConfiguration;
			buildSettings = {
				ASSETCATALOG_COMPILER_APPICON_NAME = AppIcon;
				ASSETCATALOG_COMPILER_GLOBAL_ACCENT_COLOR_NAME = AccentColor;
				CODE_SIGN_ENTITLEMENTS = FFMpeg/FFMpegDebug.entitlements;
				CODE_SIGN_STYLE = Automatic;
				COMBINE_HIDPI_IMAGES = YES;
				HEADER_SEARCH_PATHS = (
					/usr/local/Cellar/ffmpeg/4.4_1/include/,
					/usr/local/Cellar/sdl2/2.0.14_1/include/,
				);
				INFOPLIST_FILE = FFMpeg/Info.plist;
				LD_RUNPATH_SEARCH_PATHS = (
					"$(inherited)",
					"@executable_path/../Frameworks",
				);
				LIBRARY_SEARCH_PATHS = (
					"/usr/local/Cellar/ffmpeg/4.4_1/lib/**",
					"/usr/local/Cellar/sdl2/2.0.14_1/lib/**",
				);
				OTHER_LDFLAGS = (
					"-l\"avutil\"",
					"-l\"avformat\"",
					"-l\"avdevice\"",
					"-l\"avcodec\"",
					"-l\"sdl2\"",
				);
				PRODUCT_BUNDLE_IDENTIFIER = JL.FFMpeg;
				PRODUCT_NAME = "$(TARGET_NAME)";
			};
			name = Debug;
		};
		F4B9F578276F0D2600F631A4 /* Release */ = {
			isa = XCBuildConfiguration;
			buildSettings = {
				ASSETCATALOG_COMPILER_APPICON_NAME = AppIcon;
				ASSETCATALOG_COMPILER_GLOBAL_ACCENT_COLOR_NAME = AccentColor;
				CODE_SIGN_ENTITLEMENTS = FFMpeg/FFMpeg.entitlements;
				CODE_SIGN_STYLE = Automatic;
				COMBINE_HIDPI_IMAGES = YES;
				HEADER_SEARCH_PATHS = (
					/usr/local/Cellar/ffmpeg/4.4_1/include/,
					/usr/local/Cellar/sdl2/2.0.14_1/include/,
				);
				INFOPLIST_FILE = FFMpeg/Info.plist;
				LD_RUNPATH_SEARCH_PATHS = (
					"$(inherited)",
					"@executable_path/../Frameworks",
				);
				LIBRARY_SEARCH_PATHS = (
					"/usr/local/Cellar/ffmpeg/4.4_1/lib/**",
					"/usr/local/Cellar/sdl2/2.0.14_1/lib/**",
				);
				OTHER_LDFLAGS = (
					"-l\"avutil\"",
					"-l\"avformat\"",
					"-l\"avdevice\"",
					"-l\"avcodec\"",
					"-l\"sdl2\"",
				);
				PRODUCT_BUNDLE_IDENTIFIER = JL.FFMpeg;
				PRODUCT_NAME = "$(TARGET_NAME)";
			};
			name = Release;
		};
/* End XCBuildConfiguration section */

/* Begin XCConfigurationList section */
		F4B9F55D276F0D2400F631A4 /* Build configuration list for PBXProject "FFMpeg" */ = {
			isa = XCConfigurationList;
			buildConfigurations = (
				F4B9F574276F0D2600F631A4 /* Debug */,
				F4B9F575276F0D2600F631A4 /* Release */,
			);
			defaultConfigurationIsVisible = 0;
			defaultConfigurationName = Release;
		};
		F4B9F576276F0D2600F631A4 /* Build configuration list for PBXNativeTarget "FFMpeg" */ = {
			isa = XCConfigurationList;
			buildConfigurations = (
				F4B9F577276F0D2600F631A4 /* Debug */,
				F4B9F578276F0D2600F631A4 /* Release */,
			);
			defaultConfigurationIsVisible = 0;
			defaultConfigurationName = Release;
		};
/* End XCConfigurationList section */
	};
	rootObject = F4B9F55A276F0D2400F631A4 /* Project object */;
}
